
Microsoft Visual Studio Solution File, Format Version 12.00
# Visual Studio Version 16
VisualStudioVersion = 16.0.31702.278
MinimumVisualStudioVersion = 10.0.40219.1
Project("{FAE04EC0-301F-11D3-BF4B-00C04F79EFBC}") = "minhaAutomacao", "minhaAutomacao\minhaAutomacao.csproj", "{5C50F433-F46C-42C1-8F0F-4FDB5E3EB5D8}"
EndProject
Global
	GlobalSection(SolutionConfigurationPlatforms) = preSolution
		Debug|Any CPU = Debug|Any CPU
		Release|Any CPU = Release|Any CPU
	EndGlobalSection
	GlobalSection(ProjectConfigurationPlatforms) = postSolution
		{5C50F433-F46C-42C1-8F0F-4FDB5E3EB5D8}.Debug|Any CPU.ActiveCfg = Debug|Any CPU
		{5C50F433-F46C-42C1-8F0F-4FDB5E3EB5D8}.Debug|Any CPU.Build.0 = Debug|Any CPU
		{5C50F433-F46C-42C1-8F0F-4FDB5E3EB5D8}.Release|Any CPU.ActiveCfg = Release|Any CPU
		{5C50F433-F46C-42C1-8F0F-4FDB5E3EB5D8}.Release|Any CPU.Build.0 = Release|Any CPU
	EndGlobalSection
	GlobalSection(SolutionProperties) = preSolution
		HideSolutionNode = FALSE
	EndGlobalSection
	GlobalSection(ExtensibilityGlobals) = postSolution
		SolutionGuid = {90C32531-388B-44F9-AA6F-401CECB6E7F4}
	EndGlobalSection
EndGlobal
